
Microsoft Visual Studio Solution File, Format Version 12.00
# Visual Studio 15
VisualStudioVersion = 15.0.28307.960
MinimumVisualStudioVersion = 10.0.40219.1
Project("{8BC9CEB8-8B4A-11D0-8D11-00A0C91BC942}") = "cc2530", "cc2530.vcxproj", "{8DE0EF78-40CB-48C8-AC73-D27B017B3FBB}"
EndProject
Global
	GlobalSection(SolutionConfigurationPlatforms) = preSolution
		CoordinatorEB|Win32 = CoordinatorEB|Win32
		EndDeviceEB|Win32 = EndDeviceEB|Win32
		RouterEB|Win32 = RouterEB|Win32
	EndGlobalSection
	GlobalSection(ProjectConfigurationPlatforms) = postSolution
		{8DE0EF78-40CB-48C8-AC73-D27B017B3FBB}.CoordinatorEB|Win32.ActiveCfg = CoordinatorEB|Win32
		{8DE0EF78-40CB-48C8-AC73-D27B017B3FBB}.CoordinatorEB|Win32.Build.0 = CoordinatorEB|Win32
		{8DE0EF78-40CB-48C8-AC73-D27B017B3FBB}.EndDeviceEB|Win32.ActiveCfg = EndDeviceEB|Win32
		{8DE0EF78-40CB-48C8-AC73-D27B017B3FBB}.EndDeviceEB|Win32.Build.0 = EndDeviceEB|Win32
		{8DE0EF78-40CB-48C8-AC73-D27B017B3FBB}.RouterEB|Win32.ActiveCfg = RouterEB|Win32
		{8DE0EF78-40CB-48C8-AC73-D27B017B3FBB}.RouterEB|Win32.Build.0 = RouterEB|Win32
	EndGlobalSection
	GlobalSection(SolutionProperties) = preSolution
		HideSolutionNode = FALSE
	EndGlobalSection
	GlobalSection(ExtensibilityGlobals) = postSolution
		SolutionGuid = {3D7AD885-1F2E-4A86-9D77-98E307134C3C}
	EndGlobalSection
EndGlobal
