
Microsoft Visual Studio Solution File, Format Version 12.00
# Visual Studio 15
VisualStudioVersion = 15.0.28307.960
MinimumVisualStudioVersion = 10.0.40219.1
Project("{8BC9CEB8-8B4A-11D0-8D11-00A0C91BC942}") = "ConsoleApplication1", "ConsoleApplication1.vcxproj", "{8DE0EF78-40CB-48C8-AC73-D27B017B3FBB}"
EndProject
Global
	GlobalSection(SolutionConfigurationPlatforms) = preSolution
		Debug|Win32 = Debug|Win32
		Debug|x64 = Debug|x64
		Debug|x86 = Debug|x86
		Release|Win32 = Release|Win32
		Release|x64 = Release|x64
		Release|x86 = Release|x86
	EndGlobalSection
	GlobalSection(ProjectConfigurationPlatforms) = postSolution
		{8DE0EF78-40CB-48C8-AC73-D27B017B3FBB}.Debug|Win32.ActiveCfg = Debug|Win32
		{8DE0EF78-40CB-48C8-AC73-D27B017B3FBB}.Debug|Win32.Build.0 = Debug|Win32
		{8DE0EF78-40CB-48C8-AC73-D27B017B3FBB}.Debug|x64.ActiveCfg = Debug|x64
		{8DE0EF78-40CB-48C8-AC73-D27B017B3FBB}.Debug|x64.Build.0 = Debug|x64
		{8DE0EF78-40CB-48C8-AC73-D27B017B3FBB}.Debug|x86.ActiveCfg = Debug|Win32
		{8DE0EF78-40CB-48C8-AC73-D27B017B3FBB}.Debug|x86.Build.0 = Debug|Win32
		{8DE0EF78-40CB-48C8-AC73-D27B017B3FBB}.Release|Win32.ActiveCfg = Release|Win32
		{8DE0EF78-40CB-48C8-AC73-D27B017B3FBB}.Release|Win32.Build.0 = Release|Win32
		{8DE0EF78-40CB-48C8-AC73-D27B017B3FBB}.Release|x64.ActiveCfg = Release|x64
		{8DE0EF78-40CB-48C8-AC73-D27B017B3FBB}.Release|x64.Build.0 = Release|x64
		{8DE0EF78-40CB-48C8-AC73-D27B017B3FBB}.Release|x86.ActiveCfg = Release|Win32
		{8DE0EF78-40CB-48C8-AC73-D27B017B3FBB}.Release|x86.Build.0 = Release|Win32
	EndGlobalSection
	GlobalSection(SolutionProperties) = preSolution
		HideSolutionNode = FALSE
	EndGlobalSection
	GlobalSection(ExtensibilityGlobals) = postSolution
		SolutionGuid = {3D7AD885-1F2E-4A86-9D77-98E307134C3C}
	EndGlobalSection
EndGlobal
