<?xml version="1.0" encoding="utf-8"?>
<Project ToolsVersion="4.0" xmlns="http://schemas.microsoft.com/developer/msbuild/2003">
  <ItemGroup>
    <Filter Include="App">
      <UniqueIdentifier>{4b3187f5-5433-4b06-8f0e-745239483a0c}</UniqueIdentifier>
    </Filter>
    <Filter Include="HAL">
      <UniqueIdentifier>{3a097242-81f5-47dd-ad14-d71ad0a30bfc}</UniqueIdentifier>
    </Filter>
    <Filter Include="HAL\Common">
      <UniqueIdentifier>{c1aed4bb-c3cb-475e-a983-96a20263b100}</UniqueIdentifier>
    </Filter>
    <Filter Include="HAL\Include">
      <UniqueIdentifier>{32be9880-3775-47d3-adb8-8fb51972132c}</UniqueIdentifier>
    </Filter>
    <Filter Include="HAL\Target">
      <UniqueIdentifier>{41f8d01f-6801-4080-a4a2-d1a19c00558d}</UniqueIdentifier>
    </Filter>
    <Filter Include="HAL\Target\CC2530EB">
      <UniqueIdentifier>{2a8f494e-1d00-46b6-b5d5-27e4aa449a25}</UniqueIdentifier>
    </Filter>
    <Filter Include="HAL\Target\Drivers">
      <UniqueIdentifier>{0584ad22-a305-4355-bd25-c51ed2dd6f22}</UniqueIdentifier>
    </Filter>
    <Filter Include="HAL\Target\Includes">
      <UniqueIdentifier>{94af26ad-5484-4729-b88b-3ba858cefc82}</UniqueIdentifier>
    </Filter>
    <Filter Include="MAC">
      <UniqueIdentifier>{188d18fd-e6be-40f6-822e-91ca087cc7cf}</UniqueIdentifier>
    </Filter>
    <Filter Include="MAC\High Level">
      <UniqueIdentifier>{a5d5a4a4-1b3b-46da-81d5-b099d405d061}</UniqueIdentifier>
    </Filter>
    <Filter Include="MAC\Include">
      <UniqueIdentifier>{62e0d7de-1f24-400f-93ea-0a188d295a8b}</UniqueIdentifier>
    </Filter>
    <Filter Include="MAC\Low Level">
      <UniqueIdentifier>{f8df66a1-dda3-4d4a-b715-f38fb112a5a8}</UniqueIdentifier>
    </Filter>
    <Filter Include="MAC\Low Level\Common">
      <UniqueIdentifier>{0b92a4e7-f0fc-40c3-9380-fe3b546d808c}</UniqueIdentifier>
    </Filter>
    <Filter Include="MAC\Low Level\System">
      <UniqueIdentifier>{0974fe40-7d1c-42f7-95ed-65cd6a70b73e}</UniqueIdentifier>
    </Filter>
    <Filter Include="MT">
      <UniqueIdentifier>{a894b20c-ccda-45ef-a084-bc30493868b2}</UniqueIdentifier>
    </Filter>
    <Filter Include="NWK">
      <UniqueIdentifier>{a392510f-911f-4daa-8999-c76ae26afb29}</UniqueIdentifier>
    </Filter>
    <Filter Include="OSAL">
      <UniqueIdentifier>{26dddddb-929a-404b-8427-678d0b783e7a}</UniqueIdentifier>
    </Filter>
    <Filter Include="Profile">
      <UniqueIdentifier>{b48b7f87-858e-473c-b89a-ca2e5cccb0fd}</UniqueIdentifier>
    </Filter>
    <Filter Include="Security">
      <UniqueIdentifier>{d3221497-67be-4720-8386-450197b92b64}</UniqueIdentifier>
    </Filter>
    <Filter Include="Services">
      <UniqueIdentifier>{6465646b-1a7e-4199-b1de-5696e82d4ce2}</UniqueIdentifier>
    </Filter>
    <Filter Include="Tools">
      <UniqueIdentifier>{2c831534-8bac-4874-a724-bc8c1562f1f1}</UniqueIdentifier>
    </Filter>
    <Filter Include="ZDO">
      <UniqueIdentifier>{aed45433-dc6a-438f-8297-7448d82b4ca5}</UniqueIdentifier>
    </Filter>
    <Filter Include="ZMac">
      <UniqueIdentifier>{abd73006-9588-469c-a4b8-bee37920a0f6}</UniqueIdentifier>
    </Filter>
    <Filter Include="ZMain">
      <UniqueIdentifier>{9d57d30c-89dd-4d94-ac35-cfb1f0575dba}</UniqueIdentifier>
    </Filter>
    <Filter Include="Output">
      <UniqueIdentifier>{641987a8-fc3e-4064-a1a5-d74c6a3cf718}</UniqueIdentifier>
    </Filter>
  </ItemGroup>
  <ItemGroup>
    <ClInclude Include="..\..\..\Components\hal\include\hal_adc.h">
      <Filter>HAL\Include</Filter>
    </ClInclude>
    <ClInclude Include="..\..\..\Components\hal\include\hal_assert.h">
      <Filter>HAL\Include</Filter>
    </ClInclude>
    <ClInclude Include="..\..\..\Components\hal\include\hal_board.h">
      <Filter>HAL\Include</Filter>
    </ClInclude>
    <ClInclude Include="..\..\..\Components\hal\include\hal_ccm.h">
      <Filter>HAL\Include</Filter>
    </ClInclude>
    <ClInclude Include="..\..\..\Components\hal\include\hal_defs.h">
      <Filter>HAL\Include</Filter>
    </ClInclude>
    <ClInclude Include="..\..\..\Components\hal\include\hal_drivers.h">
      <Filter>HAL\Include</Filter>
    </ClInclude>
    <ClInclude Include="..\..\..\Components\hal\include\hal_flash.h">
      <Filter>HAL\Include</Filter>
    </ClInclude>
    <ClInclude Include="..\..\..\Components\hal\include\hal_key.h">
      <Filter>HAL\Include</Filter>
    </ClInclude>
    <ClInclude Include="..\..\..\Components\hal\include\hal_lcd.h">
      <Filter>HAL\Include</Filter>
    </ClInclude>
    <ClInclude Include="..\..\..\Components\hal\include\hal_led.h">
      <Filter>HAL\Include</Filter>
    </ClInclude>
    <ClInclude Include="..\..\..\Components\hal\include\hal_sleep.h">
      <Filter>HAL\Include</Filter>
    </ClInclude>
    <ClInclude Include="..\..\..\Components\hal\include\hal_timer.h">
      <Filter>HAL\Include</Filter>
    </ClInclude>
    <ClInclude Include="..\..\..\Components\hal\include\hal_uart.h">
      <Filter>HAL\Include</Filter>
    </ClInclude>
    <ClInclude Include="..\..\..\Components\hal\target\CC2530EB\hal_aes.h">
      <Filter>HAL\Target\Includes</Filter>
    </ClInclude>
    <ClInclude Include="..\..\..\Components\hal\target\CC2530EB\hal_dma.h">
      <Filter>HAL\Target\Includes</Filter>
    </ClInclude>
    <ClInclude Include="..\..\..\Components\hal\target\CC2530EB\hal_mcu.h">
      <Filter>HAL\Target\Includes</Filter>
    </ClInclude>
    <ClInclude Include="..\..\..\Components\hal\target\CC2530EB\hal_types.h">
      <Filter>HAL\Target\Includes</Filter>
    </ClInclude>
    <ClInclude Include="..\..\..\Components\hal\target\CC2530EB\hal_board_cfg.h">
      <Filter>HAL\Target\CC2530EB</Filter>
    </ClInclude>
    <ClInclude Include="..\..\..\Components\mac\high_level\mac_high_level.h">
      <Filter>MAC\High Level</Filter>
    </ClInclude>
    <ClInclude Include="..\..\..\Components\mac\high_level\mac_pib.h">
      <Filter>MAC\High Level</Filter>
    </ClInclude>
    <ClInclude Include="..\..\..\Components\mac\high_level\mac_spec.h">
      <Filter>MAC\High Level</Filter>
    </ClInclude>
    <ClInclude Include="..\..\..\Components\mac\include\mac_api.h">
      <Filter>MAC\Include</Filter>
    </ClInclude>
    <ClInclude Include="..\..\..\Components\mac\low_level\srf04\single_chip\mac_csp_tx.h">
      <Filter>MAC\Low Level\System</Filter>
    </ClInclude>
    <ClInclude Include="..\..\..\Components\mac\low_level\srf04\single_chip\mac_mcu.h">
      <Filter>MAC\Low Level\System</Filter>
    </ClInclude>
    <ClInclude Include="..\..\..\Components\mac\low_level\srf04\single_chip\mac_mem.h">
      <Filter>MAC\Low Level\System</Filter>
    </ClInclude>
    <ClInclude Include="..\..\..\Components\mac\low_level\srf04\single_chip\mac_radio_defs.h">
      <Filter>MAC\Low Level\System</Filter>
    </ClInclude>
    <ClInclude Include="..\..\..\Components\mac\low_level\srf04\mac_assert.h">
      <Filter>MAC\Low Level\Common</Filter>
    </ClInclude>
    <ClInclude Include="..\..\..\Components\mac\low_level\srf04\mac_autopend.h">
      <Filter>MAC\Low Level\Common</Filter>
    </ClInclude>
    <ClInclude Include="..\..\..\Components\mac\low_level\srf04\mac_backoff_timer.h">
      <Filter>MAC\Low Level\Common</Filter>
    </ClInclude>
    <ClInclude Include="..\..\..\Components\mac\low_level\srf04\mac_low_level.h">
      <Filter>MAC\Low Level\Common</Filter>
    </ClInclude>
    <ClInclude Include="..\..\..\Components\mac\low_level\srf04\mac_radio.h">
      <Filter>MAC\Low Level\Common</Filter>
    </ClInclude>
    <ClInclude Include="..\..\..\Components\mac\low_level\srf04\mac_rx.h">
      <Filter>MAC\Low Level\Common</Filter>
    </ClInclude>
    <ClInclude Include="..\..\..\Components\mac\low_level\srf04\mac_rx_onoff.h">
      <Filter>MAC\Low Level\Common</Filter>
    </ClInclude>
    <ClInclude Include="..\..\..\Components\mac\low_level\srf04\mac_sleep.h">
      <Filter>MAC\Low Level\Common</Filter>
    </ClInclude>
    <ClInclude Include="..\..\..\Components\mac\low_level\srf04\mac_tx.h">
      <Filter>MAC\Low Level\Common</Filter>
    </ClInclude>
    <ClInclude Include="..\..\..\Components\mt\DebugTrace.h">
      <Filter>MT</Filter>
    </ClInclude>
    <ClInclude Include="..\..\..\Components\mt\MT.h">
      <Filter>MT</Filter>
    </ClInclude>
    <ClInclude Include="..\..\..\Components\mt\MT_AF.h">
      <Filter>MT</Filter>
    </ClInclude>
    <ClInclude Include="..\..\..\Components\mt\MT_APP.h">
      <Filter>MT</Filter>
    </ClInclude>
    <ClInclude Include="..\..\..\Components\mt\MT_DEBUG.h">
      <Filter>MT</Filter>
    </ClInclude>
    <ClInclude Include="..\..\..\Components\mt\MT_MAC.h">
      <Filter>MT</Filter>
    </ClInclude>
    <ClInclude Include="..\..\..\Components\mt\MT_NWK.h">
      <Filter>MT</Filter>
    </ClInclude>
    <ClInclude Include="..\..\..\Components\mt\MT_OTA.h">
      <Filter>MT</Filter>
    </ClInclude>
    <ClInclude Include="..\..\..\Components\mt\MT_RPC.h">
      <Filter>MT</Filter>
    </ClInclude>
    <ClInclude Include="..\..\..\Components\mt\MT_SAPI.h">
      <Filter>MT</Filter>
    </ClInclude>
    <ClInclude Include="..\..\..\Components\mt\MT_SYS.h">
      <Filter>MT</Filter>
    </ClInclude>
    <ClInclude Include="..\..\..\Components\mt\MT_TASK.h">
      <Filter>MT</Filter>
    </ClInclude>
    <ClInclude Include="..\..\..\Components\mt\MT_UART.h">
      <Filter>MT</Filter>
    </ClInclude>
    <ClInclude Include="..\..\..\Components\mt\MT_UTIL.h">
      <Filter>MT</Filter>
    </ClInclude>
    <ClInclude Include="..\..\..\Components\mt\MT_VERSION.h">
      <Filter>MT</Filter>
    </ClInclude>
    <ClInclude Include="..\..\..\Components\mt\MT_ZDO.h">
      <Filter>MT</Filter>
    </ClInclude>
    <ClInclude Include="..\..\..\Components\stack\sys\ZGlobals.h">
      <Filter>NWK</Filter>
    </ClInclude>
    <ClInclude Include="..\..\..\Components\stack\nwk\AddrMgr.h">
      <Filter>NWK</Filter>
    </ClInclude>
    <ClInclude Include="..\..\..\Components\stack\nwk\APS.h">
      <Filter>NWK</Filter>
    </ClInclude>
    <ClInclude Include="..\..\..\Components\stack\nwk\aps_frag.h">
      <Filter>NWK</Filter>
    </ClInclude>
    <ClInclude Include="..\..\..\Components\stack\nwk\aps_groups.h">
      <Filter>NWK</Filter>
    </ClInclude>
    <ClInclude Include="..\..\..\Components\stack\nwk\aps_util.h">
      <Filter>NWK</Filter>
    </ClInclude>
    <ClInclude Include="..\..\..\Components\stack\nwk\APSMEDE.h">
      <Filter>NWK</Filter>
    </ClInclude>
    <ClInclude Include="..\..\..\Components\stack\nwk\AssocList.h">
      <Filter>NWK</Filter>
    </ClInclude>
    <ClInclude Include="..\..\..\Components\stack\nwk\BindingTable.h">
      <Filter>NWK</Filter>
    </ClInclude>
    <ClInclude Include="..\..\..\Components\stack\nwk\NLMEDE.h">
      <Filter>NWK</Filter>
    </ClInclude>
    <ClInclude Include="..\..\..\Components\stack\nwk\nwk.h">
      <Filter>NWK</Filter>
    </ClInclude>
    <ClInclude Include="..\..\..\Components\stack\nwk\nwk_bufs.h">
      <Filter>NWK</Filter>
    </ClInclude>
    <ClInclude Include="..\..\..\Components\stack\nwk\nwk_globals.h">
      <Filter>NWK</Filter>
    </ClInclude>
    <ClInclude Include="..\..\..\Components\stack\nwk\nwk_util.h">
      <Filter>NWK</Filter>
    </ClInclude>
    <ClInclude Include="..\..\..\Components\stack\nwk\reflecttrack.h">
      <Filter>NWK</Filter>
    </ClInclude>
    <ClInclude Include="..\..\..\Components\stack\nwk\rtg.h">
      <Filter>NWK</Filter>
    </ClInclude>
    <ClInclude Include="..\..\..\Components\stack\nwk\stub_aps.h">
      <Filter>NWK</Filter>
    </ClInclude>
    <ClInclude Include="..\..\..\Components\osal\include\comdef.h">
      <Filter>OSAL</Filter>
    </ClInclude>
    <ClInclude Include="..\..\..\Components\osal\include\OSAL.h">
      <Filter>OSAL</Filter>
    </ClInclude>
    <ClInclude Include="..\..\..\Components\osal\include\OSAL_Clock.h">
      <Filter>OSAL</Filter>
    </ClInclude>
    <ClInclude Include="..\..\..\Components\osal\include\OSAL_Memory.h">
      <Filter>OSAL</Filter>
    </ClInclude>
    <ClInclude Include="..\..\..\Components\osal\include\OSAL_Nv.h">
      <Filter>OSAL</Filter>
    </ClInclude>
    <ClInclude Include="..\..\..\Components\osal\include\OSAL_PwrMgr.h">
      <Filter>OSAL</Filter>
    </ClInclude>
    <ClInclude Include="..\..\..\Components\osal\include\OSAL_Tasks.h">
      <Filter>OSAL</Filter>
    </ClInclude>
    <ClInclude Include="..\..\..\Components\osal\include\OSAL_Timers.h">
      <Filter>OSAL</Filter>
    </ClInclude>
    <ClInclude Include="..\..\..\Components\osal\include\ZComDef.h">
      <Filter>OSAL</Filter>
    </ClInclude>
    <ClInclude Include="..\..\..\Components\stack\af\AF.h">
      <Filter>Profile</Filter>
    </ClInclude>
    <ClInclude Include="..\..\..\Components\stack\sec\ssp.h">
      <Filter>Security</Filter>
    </ClInclude>
    <ClInclude Include="..\..\..\Components\stack\sec\ssp_hash.h">
      <Filter>Security</Filter>
    </ClInclude>
    <ClInclude Include="..\..\..\Components\services\saddr\saddr.h">
      <Filter>Services</Filter>
    </ClInclude>
    <ClInclude Include="..\..\..\Components\stack\zdo\ZDApp.h">
      <Filter>ZDO</Filter>
    </ClInclude>
    <ClInclude Include="..\..\..\Components\stack\zdo\ZDConfig.h">
      <Filter>ZDO</Filter>
    </ClInclude>
    <ClInclude Include="..\..\..\Components\stack\zdo\ZDNwkMgr.h">
      <Filter>ZDO</Filter>
    </ClInclude>
    <ClInclude Include="..\..\..\Components\stack\zdo\ZDObject.h">
      <Filter>ZDO</Filter>
    </ClInclude>
    <ClInclude Include="..\..\..\Components\stack\zdo\ZDProfile.h">
      <Filter>ZDO</Filter>
    </ClInclude>
    <ClInclude Include="..\..\..\Components\stack\zdo\ZDSecMgr.h">
      <Filter>ZDO</Filter>
    </ClInclude>
    <ClInclude Include="..\..\..\Components\zmac\ZMAC.h">
      <Filter>ZMac</Filter>
    </ClInclude>
    <ClInclude Include="..\..\..\Components\zmac\f8w\zmac_internal.h">
      <Filter>ZMac</Filter>
    </ClInclude>
    <ClInclude Include="..\Source\SampleApp.h">
      <Filter>App</Filter>
    </ClInclude>
    <ClInclude Include="..\Source\SampleAppHw.h">
      <Filter>App</Filter>
    </ClInclude>
    <ClInclude Include="..\..\ZMain\TI2530DB\OnBoard.h">
      <Filter>ZMain</Filter>
    </ClInclude>
  </ItemGroup>
  <ItemGroup>
    <ClCompile Include="..\..\..\Components\hal\common\hal_drivers.c">
      <Filter>HAL\Common</Filter>
    </ClCompile>
    <ClCompile Include="..\..\..\Components\hal\target\CC2530EB\hal_adc.c">
      <Filter>HAL\Target\Drivers</Filter>
    </ClCompile>
    <ClCompile Include="..\..\..\Components\hal\target\CC2530EB\hal_dma.c">
      <Filter>HAL\Target\Drivers</Filter>
    </ClCompile>
    <ClCompile Include="..\..\..\Components\hal\target\CC2530EB\hal_flash.c">
      <Filter>HAL\Target\Drivers</Filter>
    </ClCompile>
    <ClCompile Include="..\..\..\Components\hal\target\CC2530EB\hal_key.c">
      <Filter>HAL\Target\Drivers</Filter>
    </ClCompile>
    <ClCompile Include="..\..\..\Components\hal\target\CC2530EB\hal_lcd.c">
      <Filter>HAL\Target\Drivers</Filter>
    </ClCompile>
    <ClCompile Include="..\..\..\Components\hal\target\CC2530EB\hal_led.c">
      <Filter>HAL\Target\Drivers</Filter>
    </ClCompile>
    <ClCompile Include="..\..\..\Components\hal\target\CC2530EB\hal_sleep.c">
      <Filter>HAL\Target\Drivers</Filter>
    </ClCompile>
    <ClCompile Include="..\..\..\Components\hal\target\CC2530EB\hal_startup.c">
      <Filter>HAL\Target\Drivers</Filter>
    </ClCompile>
    <ClCompile Include="..\..\..\Components\hal\target\CC2530EB\hal_timer.c">
      <Filter>HAL\Target\Drivers</Filter>
    </ClCompile>
    <ClCompile Include="..\..\..\Components\hal\target\CC2530EB\hal_uart.c">
      <Filter>HAL\Target\Drivers</Filter>
    </ClCompile>
    <ClCompile Include="..\..\..\Components\mac\high_level\mac_cfg.c">
      <Filter>MAC\High Level</Filter>
    </ClCompile>
    <ClCompile Include="..\..\..\Components\mac\high_level\mac_pib.c">
      <Filter>MAC\High Level</Filter>
    </ClCompile>
    <ClCompile Include="..\..\..\Components\mac\low_level\srf04\single_chip\mac_csp_tx.c">
      <Filter>MAC\Low Level\System</Filter>
    </ClCompile>
    <ClCompile Include="..\..\..\Components\mac\low_level\srf04\single_chip\mac_mcu.c">
      <Filter>MAC\Low Level\System</Filter>
    </ClCompile>
    <ClCompile Include="..\..\..\Components\mac\low_level\srf04\single_chip\mac_mem.c">
      <Filter>MAC\Low Level\System</Filter>
    </ClCompile>
    <ClCompile Include="..\..\..\Components\mac\low_level\srf04\single_chip\mac_radio_defs.c">
      <Filter>MAC\Low Level\System</Filter>
    </ClCompile>
    <ClCompile Include="..\..\..\Components\mac\low_level\srf04\single_chip\mac_rffrontend.c">
      <Filter>MAC\Low Level\System</Filter>
    </ClCompile>
    <ClCompile Include="..\..\..\Components\mac\low_level\srf04\mac_autopend.c">
      <Filter>MAC\Low Level\Common</Filter>
    </ClCompile>
    <ClCompile Include="..\..\..\Components\mac\low_level\srf04\mac_backoff_timer.c">
      <Filter>MAC\Low Level\Common</Filter>
    </ClCompile>
    <ClCompile Include="..\..\..\Components\mac\low_level\srf04\mac_low_level.c">
      <Filter>MAC\Low Level\Common</Filter>
    </ClCompile>
    <ClCompile Include="..\..\..\Components\mac\low_level\srf04\mac_radio.c">
      <Filter>MAC\Low Level\Common</Filter>
    </ClCompile>
    <ClCompile Include="..\..\..\Components\mac\low_level\srf04\mac_rx.c">
      <Filter>MAC\Low Level\Common</Filter>
    </ClCompile>
    <ClCompile Include="..\..\..\Components\mac\low_level\srf04\mac_rx_onoff.c">
      <Filter>MAC\Low Level\Common</Filter>
    </ClCompile>
    <ClCompile Include="..\..\..\Components\mac\low_level\srf04\mac_sleep.c">
      <Filter>MAC\Low Level\Common</Filter>
    </ClCompile>
    <ClCompile Include="..\..\..\Components\mac\low_level\srf04\mac_tx.c">
      <Filter>MAC\Low Level\Common</Filter>
    </ClCompile>
    <ClCompile Include="..\..\..\Components\mt\DebugTrace.c">
      <Filter>MT</Filter>
    </ClCompile>
    <ClCompile Include="..\..\..\Components\mt\MT.c">
      <Filter>MT</Filter>
    </ClCompile>
    <ClCompile Include="..\..\..\Components\mt\MT_AF.c">
      <Filter>MT</Filter>
    </ClCompile>
    <ClCompile Include="..\..\..\Components\mt\MT_APP.c">
      <Filter>MT</Filter>
    </ClCompile>
    <ClCompile Include="..\..\..\Components\mt\MT_DEBUG.c">
      <Filter>MT</Filter>
    </ClCompile>
    <ClCompile Include="..\..\..\Components\mt\MT_MAC.c">
      <Filter>MT</Filter>
    </ClCompile>
    <ClCompile Include="..\..\..\Components\mt\MT_NWK.c">
      <Filter>MT</Filter>
    </ClCompile>
    <ClCompile Include="..\..\..\Components\mt\MT_OTA.c">
      <Filter>MT</Filter>
    </ClCompile>
    <ClCompile Include="..\..\..\Components\mt\MT_SAPI.c">
      <Filter>MT</Filter>
    </ClCompile>
    <ClCompile Include="..\..\..\Components\mt\MT_SYS.c">
      <Filter>MT</Filter>
    </ClCompile>
    <ClCompile Include="..\..\..\Components\mt\MT_TASK.c">
      <Filter>MT</Filter>
    </ClCompile>
    <ClCompile Include="..\..\..\Components\mt\MT_UART.c">
      <Filter>MT</Filter>
    </ClCompile>
    <ClCompile Include="..\..\..\Components\mt\MT_UTIL.c">
      <Filter>MT</Filter>
    </ClCompile>
    <ClCompile Include="..\..\..\Components\mt\MT_VERSION.c">
      <Filter>MT</Filter>
    </ClCompile>
    <ClCompile Include="..\..\..\Components\mt\MT_ZDO.c">
      <Filter>MT</Filter>
    </ClCompile>
    <ClCompile Include="..\..\..\Components\stack\sys\ZGlobals.c">
      <Filter>NWK</Filter>
    </ClCompile>
    <ClCompile Include="..\..\..\Components\stack\nwk\BindingTable.c">
      <Filter>NWK</Filter>
    </ClCompile>
    <ClCompile Include="..\..\..\Components\stack\nwk\nwk_globals.c">
      <Filter>NWK</Filter>
    </ClCompile>
    <ClCompile Include="..\..\..\Components\stack\nwk\stub_aps.c">
      <Filter>NWK</Filter>
    </ClCompile>
    <ClCompile Include="..\..\..\Components\osal\common\OSAL.c">
      <Filter>OSAL</Filter>
    </ClCompile>
    <ClCompile Include="..\..\..\Components\osal\common\OSAL_Clock.c">
      <Filter>OSAL</Filter>
    </ClCompile>
    <ClCompile Include="..\..\..\Components\osal\common\OSAL_Memory.c">
      <Filter>OSAL</Filter>
    </ClCompile>
    <ClCompile Include="..\..\..\Components\osal\common\OSAL_PwrMgr.c">
      <Filter>OSAL</Filter>
    </ClCompile>
    <ClCompile Include="..\..\..\Components\osal\common\OSAL_Timers.c">
      <Filter>OSAL</Filter>
    </ClCompile>
    <ClCompile Include="..\..\..\Components\osal\mcu\cc2530\OSAL_Nv.c">
      <Filter>OSAL</Filter>
    </ClCompile>
    <ClCompile Include="..\..\..\Components\stack\af\AF.c">
      <Filter>Profile</Filter>
    </ClCompile>
    <ClCompile Include="..\..\..\Components\services\saddr\saddr.c">
      <Filter>Services</Filter>
    </ClCompile>
    <ClCompile Include="..\..\..\Components\stack\zdo\ZDApp.c">
      <Filter>ZDO</Filter>
    </ClCompile>
    <ClCompile Include="..\..\..\Components\stack\zdo\ZDConfig.c">
      <Filter>ZDO</Filter>
    </ClCompile>
    <ClCompile Include="..\..\..\Components\stack\zdo\ZDNwkMgr.c">
      <Filter>ZDO</Filter>
    </ClCompile>
    <ClCompile Include="..\..\..\Components\stack\zdo\ZDObject.c">
      <Filter>ZDO</Filter>
    </ClCompile>
    <ClCompile Include="..\..\..\Components\stack\zdo\ZDProfile.c">
      <Filter>ZDO</Filter>
    </ClCompile>
    <ClCompile Include="..\..\..\Components\stack\zdo\ZDSecMgr.c">
      <Filter>ZDO</Filter>
    </ClCompile>
    <ClCompile Include="..\..\..\Components\zmac\f8w\zmac.c">
      <Filter>ZMac</Filter>
    </ClCompile>
    <ClCompile Include="..\..\..\Components\zmac\f8w\zmac_cb.c">
      <Filter>ZMac</Filter>
    </ClCompile>
    <ClCompile Include="..\Source\OSAL_SampleApp.c">
      <Filter>App</Filter>
    </ClCompile>
    <ClCompile Include="..\Source\SampleApp.c">
      <Filter>App</Filter>
    </ClCompile>
    <ClCompile Include="Source\SampleAppHw.c">
      <Filter>App</Filter>
    </ClCompile>
    <ClCompile Include="..\..\..\Components\hal\common\hal_assert.c">
      <Filter>HAL\Common</Filter>
    </ClCompile>
    <ClCompile Include="..\..\ZMain\TI2530DB\OnBoard.c">
      <Filter>ZMain</Filter>
    </ClCompile>
    <ClCompile Include="..\..\ZMain\TI2530DB\ZMain.c">
      <Filter>ZMain</Filter>
    </ClCompile>
  </ItemGroup>
  <ItemGroup>
    <None Include="..\..\..\Components\osal\mcu\cc2530\OSAL_Math.s51">
      <Filter>OSAL</Filter>
    </None>
    <None Include="..\..\..\..\Tools\CC2530DB\f8w2530.xcl">
      <Filter>Tools</Filter>
    </None>
    <None Include="..\..\..\..\Tools\CC2530DB\f8wConfig.cfg">
      <Filter>Tools</Filter>
    </None>
    <None Include="..\..\..\..\Tools\CC2530DB\f8wCoord.cfg">
      <Filter>Tools</Filter>
    </None>
    <None Include="..\..\..\..\Tools\CC2530DB\f8wEndev.cfg">
      <Filter>Tools</Filter>
    </None>
    <None Include="..\..\..\..\Tools\CC2530DB\f8wRouter.cfg">
      <Filter>Tools</Filter>
    </None>
    <None Include="..\..\ZMain\TI2530DB\chipcon_cstartup.s51">
      <Filter>ZMain</Filter>
    </None>
  </ItemGroup>
</Project>